
Microsoft Visual Studio Solution File, Format Version 12.00
# Visual Studio Version 17
VisualStudioVersion = 17.13.35806.99
MinimumVisualStudioVersion = 10.0.40219.1
Project("{FAE04EC0-301F-11D3-BF4B-00C04F79EFBC}") = "Lab1_Figures", "Lab1_Figures\Lab1_Figures.csproj", "{956BB417-61F2-4652-8B47-9BEBCBF63EBA}"
EndProject
Project("{FAE04EC0-301F-11D3-BF4B-00C04F79EFBC}") = "Lib_figures", "Lib_figures\Lib_figures.csproj", "{363F6B30-1262-496C-9AF3-182E0F7EB7BF}"
EndProject
Global
	GlobalSection(SolutionConfigurationPlatforms) = preSolution
		Debug|Any CPU = Debug|Any CPU
		Release|Any CPU = Release|Any CPU
	EndGlobalSection
	GlobalSection(ProjectConfigurationPlatforms) = postSolution
		{956BB417-61F2-4652-8B47-9BEBCBF63EBA}.Debug|Any CPU.ActiveCfg = Debug|Any CPU
		{956BB417-61F2-4652-8B47-9BEBCBF63EBA}.Debug|Any CPU.Build.0 = Debug|Any CPU
		{956BB417-61F2-4652-8B47-9BEBCBF63EBA}.Release|Any CPU.ActiveCfg = Release|Any CPU
		{956BB417-61F2-4652-8B47-9BEBCBF63EBA}.Release|Any CPU.Build.0 = Release|Any CPU
		{363F6B30-1262-496C-9AF3-182E0F7EB7BF}.Debug|Any CPU.ActiveCfg = Debug|Any CPU
		{363F6B30-1262-496C-9AF3-182E0F7EB7BF}.Debug|Any CPU.Build.0 = Debug|Any CPU
		{363F6B30-1262-496C-9AF3-182E0F7EB7BF}.Release|Any CPU.ActiveCfg = Release|Any CPU
		{363F6B30-1262-496C-9AF3-182E0F7EB7BF}.Release|Any CPU.Build.0 = Release|Any CPU
	EndGlobalSection
	GlobalSection(SolutionProperties) = preSolution
		HideSolutionNode = FALSE
	EndGlobalSection
	GlobalSection(ExtensibilityGlobals) = postSolution
		SolutionGuid = {1B330134-4E0D-4401-9B7C-465E36C73E8B}
	EndGlobalSection
EndGlobal
